{
  "originHash" : "3f97149d8ff01912d84a88395130d07bbadc4bf1c8ca58e8aec254e734581f0a",
  "pins" : [
    {
      "identity" : "iroh-ffi",
      "kind" : "remoteSourceControl",
      "location" : "https://github.com/n0-computer/iroh-ffi.git",
      "state" : {
        "revision" : "5e451092dba0c1a09ee83ff6e5be37b1152a5c58",
        "version" : "1.1.0"
      }
    },
    {
      "identity" : "swift-argument-parser",
      "kind" : "remoteSourceControl",
      "location" : "https://github.com/apple/swift-argument-parser",
      "state" : {
        "revision" : "6a52f3251125d74daf04fcbd5e6f08a75d074382",
        "version" : "1.8.2"
      }
    }
  ],
  "version" : 3
}
