{
  "originHash" : "0783354705e4ade4380e5d3ec4ff5f01b7deefc5865d8511a4a8623a45be6bc2",
  "pins" : [
    {
      "identity" : "iroh-ffi",
      "kind" : "remoteSourceControl",
      "location" : "https://github.com/hungryfoolishwork/iroh-ffi.git",
      "state" : {
        "branch" : "swift-xcframework-coexist",
        "revision" : "f1401714aac978c11c01e15098671b2ee193ef2e"
      }
    },
    {
      "identity" : "swift-argument-parser",
      "kind" : "remoteSourceControl",
      "location" : "https://github.com/apple/swift-argument-parser",
      "state" : {
        "revision" : "6a52f3251125d74daf04fcbd5e6f08a75d074382",
        "version" : "1.8.2"
      }
    }
  ],
  "version" : 3
}
