{
  "originHash" : "67c931ccbe9940ec284b6f7778ba9ab1b35fc8561a2f2d21308c4f7c23831ddc",
  "pins" : [
    {
      "identity" : "iroh-ffi",
      "kind" : "remoteSourceControl",
      "location" : "https://github.com/n0-computer/iroh-ffi.git",
      "state" : {
        "revision" : "5e451092dba0c1a09ee83ff6e5be37b1152a5c58",
        "version" : "1.1.0"
      }
    }
  ],
  "version" : 3
}
